
Microsoft Visual Studio Solution File, Format Version 12.00
# Visual Studio Express 2013 for Web
VisualStudioVersion = 12.0.31101.0
MinimumVisualStudioVersion = 10.0.40219.1
Project("{FAE04EC0-301F-11D3-BF4B-00C04F79EFBC}") = "cloneTest1", "cloneTest1\cloneTest1.csproj", "{F79C7C2E-2700-4291-99D6-4858090B4327}"
EndProject
Global
	GlobalSection(SolutionConfigurationPlatforms) = preSolution
		Debug|Any CPU = Debug|Any CPU
		Release|Any CPU = Release|Any CPU
	EndGlobalSection
	GlobalSection(ProjectConfigurationPlatforms) = postSolution
		{F79C7C2E-2700-4291-99D6-4858090B4327}.Debug|Any CPU.ActiveCfg = Debug|Any CPU
		{F79C7C2E-2700-4291-99D6-4858090B4327}.Debug|Any CPU.Build.0 = Debug|Any CPU
		{F79C7C2E-2700-4291-99D6-4858090B4327}.Release|Any CPU.ActiveCfg = Release|Any CPU
		{F79C7C2E-2700-4291-99D6-4858090B4327}.Release|Any CPU.Build.0 = Release|Any CPU
	EndGlobalSection
	GlobalSection(SolutionProperties) = preSolution
		HideSolutionNode = FALSE
	EndGlobalSection
EndGlobal
